
Microsoft Visual Studio Solution File, Format Version 12.00
# Visual Studio Version 17
VisualStudioVersion = 17.7.34003.232
MinimumVisualStudioVersion = 10.0.40219.1
Project("{FAE04EC0-301F-11D3-BF4B-00C04F79EFBC}") = "WcfServiceCalc", "WcfServiceCalc\WcfServiceCalc.csproj", "{CA00A0D9-0956-495D-80EF-2FBDEB92EF39}"
EndProject
Project("{FAE04EC0-301F-11D3-BF4B-00C04F79EFBC}") = "WcfSelfHost", "WcfSelfHost\WcfSelfHost.csproj", "{87CB6DA7-DEFF-48F0-8ED1-60D900FCD846}"
EndProject
Global
	GlobalSection(SolutionConfigurationPlatforms) = preSolution
		Debug|Any CPU = Debug|Any CPU
		Release|Any CPU = Release|Any CPU
	EndGlobalSection
	GlobalSection(ProjectConfigurationPlatforms) = postSolution
		{CA00A0D9-0956-495D-80EF-2FBDEB92EF39}.Debug|Any CPU.ActiveCfg = Debug|Any CPU
		{CA00A0D9-0956-495D-80EF-2FBDEB92EF39}.Debug|Any CPU.Build.0 = Debug|Any CPU
		{CA00A0D9-0956-495D-80EF-2FBDEB92EF39}.Release|Any CPU.ActiveCfg = Release|Any CPU
		{CA00A0D9-0956-495D-80EF-2FBDEB92EF39}.Release|Any CPU.Build.0 = Release|Any CPU
		{87CB6DA7-DEFF-48F0-8ED1-60D900FCD846}.Debug|Any CPU.ActiveCfg = Debug|Any CPU
		{87CB6DA7-DEFF-48F0-8ED1-60D900FCD846}.Debug|Any CPU.Build.0 = Debug|Any CPU
		{87CB6DA7-DEFF-48F0-8ED1-60D900FCD846}.Release|Any CPU.ActiveCfg = Release|Any CPU
		{87CB6DA7-DEFF-48F0-8ED1-60D900FCD846}.Release|Any CPU.Build.0 = Release|Any CPU
	EndGlobalSection
	GlobalSection(SolutionProperties) = preSolution
		HideSolutionNode = FALSE
	EndGlobalSection
	GlobalSection(ExtensibilityGlobals) = postSolution
		SolutionGuid = {8C528D4A-D35A-4BB5-9F33-8E7BE49ED77B}
	EndGlobalSection
EndGlobal
